<?xml version="1.0" encoding="utf-8"?>
<Project ToolsVersion="4.0" xmlns="http://schemas.microsoft.com/developer/msbuild/2003">
  <ItemGroup>
    <Filter Include="Sources">
      <UniqueIdentifier>{8b7ed093-66ce-4096-96d2-fbb9faa4bf52}</UniqueIdentifier>
    </Filter>
    <Filter Include="Sources\Modules">
      <UniqueIdentifier>{7b418be2-1631-4a31-9ef2-8a8b234a7339}</UniqueIdentifier>
    </Filter>
    <Filter Include="Sources\Containers">
      <UniqueIdentifier>{afc36133-f401-499a-aa33-0da1e500fb52}</UniqueIdentifier>
    </Filter>
    <Filter Include="Sources\Tools">
      <UniqueIdentifier>{7e4dfaf7-022c-4f7d-92aa-f3b3fa9d6248}</UniqueIdentifier>
    </Filter>
    <Filter Include="Sources\Helpers">
      <UniqueIdentifier>{121f8e6b-df36-4ab0-be0d-601ddfc9e503}</UniqueIdentifier>
    </Filter>
    <Filter Include="Sources\Modules\Game">
      <UniqueIdentifier>{83f46af7-e02f-40c0-9e56-41d76082527b}</UniqueIdentifier>
    </Filter>
    <Filter Include="Libraries">
      <UniqueIdentifier>{3815b783-a3ad-46f9-9c40-0675e44bee84}</UniqueIdentifier>
    </Filter>
    <Filter Include="Libraries\ImGui">
      <UniqueIdentifier>{846d5799-1c8c-4ae6-80a7-20a106085c10}</UniqueIdentifier>
    </Filter>
    <Filter Include="Libraries\glew">
      <UniqueIdentifier>{505a2b8d-69db-4bdc-924e-789589c895c4}</UniqueIdentifier>
    </Filter>
    <Filter Include="Libraries\SDL">
      <UniqueIdentifier>{7e715e83-1b8e-4120-9f12-9e60b3d316f4}</UniqueIdentifier>
    </Filter>
  </ItemGroup>
  <ItemGroup>
    <ClInclude Include="Module.h">
      <Filter>Sources\Modules</Filter>
    </ClInclude>
    <ClInclude Include="ModuleAudio.h">
      <Filter>Sources\Modules</Filter>
    </ClInclude>
    <ClInclude Include="ModuleCamera3D.h">
      <Filter>Sources\Modules</Filter>
    </ClInclude>
    <ClInclude Include="ModuleInput.h">
      <Filter>Sources\Modules</Filter>
    </ClInclude>
    <ClInclude Include="ModuleRenderer3D.h">
      <Filter>Sources\Modules</Filter>
    </ClInclude>
    <ClInclude Include="ModuleWindow.h">
      <Filter>Sources\Modules</Filter>
    </ClInclude>
    <ClInclude Include="glmath.h">
      <Filter>Sources\Containers</Filter>
    </ClInclude>
    <ClInclude Include="Application.h">
      <Filter>Sources</Filter>
    </ClInclude>
    <ClInclude Include="Globals.h">
      <Filter>Sources</Filter>
    </ClInclude>
    <ClInclude Include="Primitive.h">
      <Filter>Sources\Helpers</Filter>
    </ClInclude>
    <ClInclude Include="Color.h">
      <Filter>Sources\Containers</Filter>
    </ClInclude>
    <ClInclude Include="Light.h">
      <Filter>Sources\Helpers</Filter>
    </ClInclude>
    <ClInclude Include="ModuleSceneIntro.h">
      <Filter>Sources\Modules\Game</Filter>
    </ClInclude>
    <ClInclude Include="Timer.h">
      <Filter>Sources\Tools</Filter>
    </ClInclude>
    <ClInclude Include="ModulePhysics3D.h">
      <Filter>Sources\Modules</Filter>
    </ClInclude>
    <ClInclude Include="ModuleGui.h">
      <Filter>Sources\Modules\Game</Filter>
    </ClInclude>
    <ClInclude Include="Libraries/ImGui/imconfig.h">
      <Filter>Libraries\ImGui</Filter>
    </ClInclude>
    <ClInclude Include="Libraries/ImGui/imgui.h">
      <Filter>Libraries\ImGui</Filter>
    </ClInclude>
    <ClInclude Include="Libraries/ImGui/imgui_impl_opengl3.h">
      <Filter>Libraries\ImGui</Filter>
    </ClInclude>
    <ClInclude Include="Libraries/ImGui/imgui_impl_sdl.h">
      <Filter>Libraries\ImGui</Filter>
    </ClInclude>
    <ClInclude Include="Libraries/ImGui/imgui_internal.h">
      <Filter>Libraries\ImGui</Filter>
    </ClInclude>
    <ClInclude Include="Libraries/ImGui/imstb_rectpack.h">
      <Filter>Libraries\ImGui</Filter>
    </ClInclude>
    <ClInclude Include="Libraries/ImGui/imstb_textedit.h">
      <Filter>Libraries\ImGui</Filter>
    </ClInclude>
    <ClInclude Include="Libraries/ImGui/imstb_truetype.h">
      <Filter>Libraries\ImGui</Filter>
    </ClInclude>
    <ClInclude Include="Libraries\SDL\include\begin_code.h">
      <Filter>Libraries\SDL</Filter>
    </ClInclude>
    <ClInclude Include="Libraries\SDL\include\close_code.h">
      <Filter>Libraries\SDL</Filter>
    </ClInclude>
    <ClInclude Include="Libraries\SDL\include\SDL.h">
      <Filter>Libraries\SDL</Filter>
    </ClInclude>
    <ClInclude Include="Libraries\SDL\include\SDL_assert.h">
      <Filter>Libraries\SDL</Filter>
    </ClInclude>
    <ClInclude Include="Libraries\SDL\include\SDL_atomic.h">
      <Filter>Libraries\SDL</Filter>
    </ClInclude>
    <ClInclude Include="Libraries\SDL\include\SDL_audio.h">
      <Filter>Libraries\SDL</Filter>
    </ClInclude>
    <ClInclude Include="Libraries\SDL\include\SDL_bits.h">
      <Filter>Libraries\SDL</Filter>
    </ClInclude>
    <ClInclude Include="Libraries\SDL\include\SDL_blendmode.h">
      <Filter>Libraries\SDL</Filter>
    </ClInclude>
    <ClInclude Include="Libraries\SDL\include\SDL_clipboard.h">
      <Filter>Libraries\SDL</Filter>
    </ClInclude>
    <ClInclude Include="Libraries\SDL\include\SDL_config.h">
      <Filter>Libraries\SDL</Filter>
    </ClInclude>
    <ClInclude Include="Libraries\SDL\include\SDL_config_android.h">
      <Filter>Libraries\SDL</Filter>
    </ClInclude>
    <ClInclude Include="Libraries\SDL\include\SDL_config_iphoneos.h">
      <Filter>Libraries\SDL</Filter>
    </ClInclude>
    <ClInclude Include="Libraries\SDL\include\SDL_config_macosx.h">
      <Filter>Libraries\SDL</Filter>
    </ClInclude>
    <ClInclude Include="Libraries\SDL\include\SDL_config_minimal.h">
      <Filter>Libraries\SDL</Filter>
    </ClInclude>
    <ClInclude Include="Libraries\SDL\include\SDL_config_pandora.h">
      <Filter>Libraries\SDL</Filter>
    </ClInclude>
    <ClInclude Include="Libraries\SDL\include\SDL_config_psp.h">
      <Filter>Libraries\SDL</Filter>
    </ClInclude>
    <ClInclude Include="Libraries\SDL\include\SDL_config_windows.h">
      <Filter>Libraries\SDL</Filter>
    </ClInclude>
    <ClInclude Include="Libraries\SDL\include\SDL_config_winrt.h">
      <Filter>Libraries\SDL</Filter>
    </ClInclude>
    <ClInclude Include="Libraries\SDL\include\SDL_config_wiz.h">
      <Filter>Libraries\SDL</Filter>
    </ClInclude>
    <ClInclude Include="Libraries\SDL\include\SDL_copying.h">
      <Filter>Libraries\SDL</Filter>
    </ClInclude>
    <ClInclude Include="Libraries\SDL\include\SDL_cpuinfo.h">
      <Filter>Libraries\SDL</Filter>
    </ClInclude>
    <ClInclude Include="Libraries\SDL\include\SDL_egl.h">
      <Filter>Libraries\SDL</Filter>
    </ClInclude>
    <ClInclude Include="Libraries\SDL\include\SDL_endian.h">
      <Filter>Libraries\SDL</Filter>
    </ClInclude>
    <ClInclude Include="Libraries\SDL\include\SDL_error.h">
      <Filter>Libraries\SDL</Filter>
    </ClInclude>
    <ClInclude Include="Libraries\SDL\include\SDL_events.h">
      <Filter>Libraries\SDL</Filter>
    </ClInclude>
    <ClInclude Include="Libraries\SDL\include\SDL_filesystem.h">
      <Filter>Libraries\SDL</Filter>
    </ClInclude>
    <ClInclude Include="Libraries\SDL\include\SDL_gamecontroller.h">
      <Filter>Libraries\SDL</Filter>
    </ClInclude>
    <ClInclude Include="Libraries\SDL\include\SDL_gesture.h">
      <Filter>Libraries\SDL</Filter>
    </ClInclude>
    <ClInclude Include="Libraries\SDL\include\SDL_haptic.h">
      <Filter>Libraries\SDL</Filter>
    </ClInclude>
    <ClInclude Include="Libraries\SDL\include\SDL_hints.h">
      <Filter>Libraries\SDL</Filter>
    </ClInclude>
    <ClInclude Include="Libraries\SDL\include\SDL_joystick.h">
      <Filter>Libraries\SDL</Filter>
    </ClInclude>
    <ClInclude Include="Libraries\SDL\include\SDL_keyboard.h">
      <Filter>Libraries\SDL</Filter>
    </ClInclude>
    <ClInclude Include="Libraries\SDL\include\SDL_keycode.h">
      <Filter>Libraries\SDL</Filter>
    </ClInclude>
    <ClInclude Include="Libraries\SDL\include\SDL_loadso.h">
      <Filter>Libraries\SDL</Filter>
    </ClInclude>
    <ClInclude Include="Libraries\SDL\include\SDL_log.h">
      <Filter>Libraries\SDL</Filter>
    </ClInclude>
    <ClInclude Include="Libraries\SDL\include\SDL_main.h">
      <Filter>Libraries\SDL</Filter>
    </ClInclude>
    <ClInclude Include="Libraries\SDL\include\SDL_messagebox.h">
      <Filter>Libraries\SDL</Filter>
    </ClInclude>
    <ClInclude Include="Libraries\SDL\include\SDL_mouse.h">
      <Filter>Libraries\SDL</Filter>
    </ClInclude>
    <ClInclude Include="Libraries\SDL\include\SDL_mutex.h">
      <Filter>Libraries\SDL</Filter>
    </ClInclude>
    <ClInclude Include="Libraries\SDL\include\SDL_name.h">
      <Filter>Libraries\SDL</Filter>
    </ClInclude>
    <ClInclude Include="Libraries\SDL\include\SDL_opengl.h">
      <Filter>Libraries\SDL</Filter>
    </ClInclude>
    <ClInclude Include="Libraries\SDL\include\SDL_opengles.h">
      <Filter>Libraries\SDL</Filter>
    </ClInclude>
    <ClInclude Include="Libraries\SDL\include\SDL_opengles2.h">
      <Filter>Libraries\SDL</Filter>
    </ClInclude>
    <ClInclude Include="Libraries\SDL\include\SDL_opengles2_gl2.h">
      <Filter>Libraries\SDL</Filter>
    </ClInclude>
    <ClInclude Include="Libraries\SDL\include\SDL_opengles2_gl2ext.h">
      <Filter>Libraries\SDL</Filter>
    </ClInclude>
    <ClInclude Include="Libraries\SDL\include\SDL_opengles2_gl2platform.h">
      <Filter>Libraries\SDL</Filter>
    </ClInclude>
    <ClInclude Include="Libraries\SDL\include\SDL_opengles2_khrplatform.h">
      <Filter>Libraries\SDL</Filter>
    </ClInclude>
    <ClInclude Include="Libraries\SDL\include\SDL_opengl_glext.h">
      <Filter>Libraries\SDL</Filter>
    </ClInclude>
    <ClInclude Include="Libraries\SDL\include\SDL_pixels.h">
      <Filter>Libraries\SDL</Filter>
    </ClInclude>
    <ClInclude Include="Libraries\SDL\include\SDL_platform.h">
      <Filter>Libraries\SDL</Filter>
    </ClInclude>
    <ClInclude Include="Libraries\SDL\include\SDL_power.h">
      <Filter>Libraries\SDL</Filter>
    </ClInclude>
    <ClInclude Include="Libraries\SDL\include\SDL_quit.h">
      <Filter>Libraries\SDL</Filter>
    </ClInclude>
    <ClInclude Include="Libraries\SDL\include\SDL_rect.h">
      <Filter>Libraries\SDL</Filter>
    </ClInclude>
    <ClInclude Include="Libraries\SDL\include\SDL_render.h">
      <Filter>Libraries\SDL</Filter>
    </ClInclude>
    <ClInclude Include="Libraries\SDL\include\SDL_revision.h">
      <Filter>Libraries\SDL</Filter>
    </ClInclude>
    <ClInclude Include="Libraries\SDL\include\SDL_rwops.h">
      <Filter>Libraries\SDL</Filter>
    </ClInclude>
    <ClInclude Include="Libraries\SDL\include\SDL_scancode.h">
      <Filter>Libraries\SDL</Filter>
    </ClInclude>
    <ClInclude Include="Libraries\SDL\include\SDL_sensor.h">
      <Filter>Libraries\SDL</Filter>
    </ClInclude>
    <ClInclude Include="Libraries\SDL\include\SDL_shape.h">
      <Filter>Libraries\SDL</Filter>
    </ClInclude>
    <ClInclude Include="Libraries\SDL\include\SDL_stdinc.h">
      <Filter>Libraries\SDL</Filter>
    </ClInclude>
    <ClInclude Include="Libraries\SDL\include\SDL_surface.h">
      <Filter>Libraries\SDL</Filter>
    </ClInclude>
    <ClInclude Include="Libraries\SDL\include\SDL_system.h">
      <Filter>Libraries\SDL</Filter>
    </ClInclude>
    <ClInclude Include="Libraries\SDL\include\SDL_syswm.h">
      <Filter>Libraries\SDL</Filter>
    </ClInclude>
    <ClInclude Include="Libraries\SDL\include\SDL_test.h">
      <Filter>Libraries\SDL</Filter>
    </ClInclude>
    <ClInclude Include="Libraries\SDL\include\SDL_test_assert.h">
      <Filter>Libraries\SDL</Filter>
    </ClInclude>
    <ClInclude Include="Libraries\SDL\include\SDL_test_common.h">
      <Filter>Libraries\SDL</Filter>
    </ClInclude>
    <ClInclude Include="Libraries\SDL\include\SDL_test_compare.h">
      <Filter>Libraries\SDL</Filter>
    </ClInclude>
    <ClInclude Include="Libraries\SDL\include\SDL_test_crc32.h">
      <Filter>Libraries\SDL</Filter>
    </ClInclude>
    <ClInclude Include="Libraries\SDL\include\SDL_test_font.h">
      <Filter>Libraries\SDL</Filter>
    </ClInclude>
    <ClInclude Include="Libraries\SDL\include\SDL_test_fuzzer.h">
      <Filter>Libraries\SDL</Filter>
    </ClInclude>
    <ClInclude Include="Libraries\SDL\include\SDL_test_harness.h">
      <Filter>Libraries\SDL</Filter>
    </ClInclude>
    <ClInclude Include="Libraries\SDL\include\SDL_test_images.h">
      <Filter>Libraries\SDL</Filter>
    </ClInclude>
    <ClInclude Include="Libraries\SDL\include\SDL_test_log.h">
      <Filter>Libraries\SDL</Filter>
    </ClInclude>
    <ClInclude Include="Libraries\SDL\include\SDL_test_md5.h">
      <Filter>Libraries\SDL</Filter>
    </ClInclude>
    <ClInclude Include="Libraries\SDL\include\SDL_test_memory.h">
      <Filter>Libraries\SDL</Filter>
    </ClInclude>
    <ClInclude Include="Libraries\SDL\include\SDL_test_random.h">
      <Filter>Libraries\SDL</Filter>
    </ClInclude>
    <ClInclude Include="Libraries\SDL\include\SDL_thread.h">
      <Filter>Libraries\SDL</Filter>
    </ClInclude>
    <ClInclude Include="Libraries\SDL\include\SDL_timer.h">
      <Filter>Libraries\SDL</Filter>
    </ClInclude>
    <ClInclude Include="Libraries\SDL\include\SDL_touch.h">
      <Filter>Libraries\SDL</Filter>
    </ClInclude>
    <ClInclude Include="Libraries\SDL\include\SDL_types.h">
      <Filter>Libraries\SDL</Filter>
    </ClInclude>
    <ClInclude Include="Libraries\SDL\include\SDL_version.h">
      <Filter>Libraries\SDL</Filter>
    </ClInclude>
    <ClInclude Include="Libraries\SDL\include\SDL_video.h">
      <Filter>Libraries\SDL</Filter>
    </ClInclude>
    <ClInclude Include="Libraries\SDL\include\SDL_vulkan.h">
      <Filter>Libraries\SDL</Filter>
    </ClInclude>
    <ClInclude Include="Libraries\glew\eglew.h">
      <Filter>Libraries\glew</Filter>
    </ClInclude>
    <ClInclude Include="Libraries\glew\glew.h">
      <Filter>Libraries\glew</Filter>
    </ClInclude>
    <ClInclude Include="Libraries\glew\glxew.h">
      <Filter>Libraries\glew</Filter>
    </ClInclude>
    <ClInclude Include="Libraries\glew\wglew.h">
      <Filter>Libraries\glew</Filter>
    </ClInclude>
  </ItemGroup>
  <ItemGroup>
    <ClCompile Include="ModuleAudio.cpp">
      <Filter>Sources\Modules</Filter>
    </ClCompile>
    <ClCompile Include="ModuleCamera3D.cpp">
      <Filter>Sources\Modules</Filter>
    </ClCompile>
    <ClCompile Include="ModuleInput.cpp">
      <Filter>Sources\Modules</Filter>
    </ClCompile>
    <ClCompile Include="ModuleRenderer3D.cpp">
      <Filter>Sources\Modules</Filter>
    </ClCompile>
    <ClCompile Include="ModuleWindow.cpp">
      <Filter>Sources\Modules</Filter>
    </ClCompile>
    <ClCompile Include="log.cpp">
      <Filter>Sources\Tools</Filter>
    </ClCompile>
    <ClCompile Include="Timer.cpp">
      <Filter>Sources\Tools</Filter>
    </ClCompile>
    <ClCompile Include="Application.cpp">
      <Filter>Sources</Filter>
    </ClCompile>
    <ClCompile Include="Main.cpp">
      <Filter>Sources</Filter>
    </ClCompile>
    <ClCompile Include="glmath.cpp">
      <Filter>Sources\Containers</Filter>
    </ClCompile>
    <ClCompile Include="Primitive.cpp">
      <Filter>Sources\Helpers</Filter>
    </ClCompile>
    <ClCompile Include="Color.cpp">
      <Filter>Sources\Containers</Filter>
    </ClCompile>
    <ClCompile Include="Light.cpp">
      <Filter>Sources\Helpers</Filter>
    </ClCompile>
    <ClCompile Include="ModuleSceneIntro.cpp">
      <Filter>Sources\Modules\Game</Filter>
    </ClCompile>
    <ClCompile Include="ModulePhysics3D.cpp">
      <Filter>Sources\Modules</Filter>
    </ClCompile>
    <ClCompile Include="ModuleGui.cpp">
      <Filter>Sources\Modules\Game</Filter>
    </ClCompile>
    <ClCompile Include="Libraries/ImGui/imgui.cpp">
      <Filter>Libraries\ImGui</Filter>
    </ClCompile>
    <ClCompile Include="Libraries/ImGui/imgui_demo.cpp">
      <Filter>Libraries\ImGui</Filter>
    </ClCompile>
    <ClCompile Include="Libraries/ImGui/imgui_draw.cpp">
      <Filter>Libraries\ImGui</Filter>
    </ClCompile>
    <ClCompile Include="Libraries/ImGui/imgui_impl_opengl3.cpp">
      <Filter>Libraries\ImGui</Filter>
    </ClCompile>
    <ClCompile Include="Libraries/ImGui/imgui_impl_sdl.cpp">
      <Filter>Libraries\ImGui</Filter>
    </ClCompile>
    <ClCompile Include="Libraries/ImGui/imgui_widgets.cpp">
      <Filter>Libraries\ImGui</Filter>
    </ClCompile>
  </ItemGroup>
</Project>