<?xml version="1.0" encoding="utf-8"?>
<Project ToolsVersion="4.0" xmlns="http://schemas.microsoft.com/developer/msbuild/2003">
  <ItemGroup>
    <Filter Include="Sources">
      <UniqueIdentifier>{8b7ed093-66ce-4096-96d2-fbb9faa4bf52}</UniqueIdentifier>
    </Filter>
    <Filter Include="Sources\Modules">
      <UniqueIdentifier>{7b418be2-1631-4a31-9ef2-8a8b234a7339}</UniqueIdentifier>
    </Filter>
    <Filter Include="Sources\Containers">
      <UniqueIdentifier>{afc36133-f401-499a-aa33-0da1e500fb52}</UniqueIdentifier>
    </Filter>
    <Filter Include="Sources\Tools">
      <UniqueIdentifier>{7e4dfaf7-022c-4f7d-92aa-f3b3fa9d6248}</UniqueIdentifier>
    </Filter>
    <Filter Include="Sources\Helpers">
      <UniqueIdentifier>{121f8e6b-df36-4ab0-be0d-601ddfc9e503}</UniqueIdentifier>
    </Filter>
    <Filter Include="Sources\Modules\Game">
      <UniqueIdentifier>{83f46af7-e02f-40c0-9e56-41d76082527b}</UniqueIdentifier>
    </Filter>
    <Filter Include="Libraries">
      <UniqueIdentifier>{3815b783-a3ad-46f9-9c40-0675e44bee84}</UniqueIdentifier>
    </Filter>
    <Filter Include="Libraries\ImGui">
      <UniqueIdentifier>{846d5799-1c8c-4ae6-80a7-20a106085c10}</UniqueIdentifier>
    </Filter>
    <Filter Include="Libraries\glew">
      <UniqueIdentifier>{505a2b8d-69db-4bdc-924e-789589c895c4}</UniqueIdentifier>
    </Filter>
    <Filter Include="Libraries\JSON">
      <UniqueIdentifier>{c57ea004-611b-417c-8c10-501e5e6d36e6}</UniqueIdentifier>
    </Filter>
    <Filter Include="Sources\SDL">
      <UniqueIdentifier>{7e715e83-1b8e-4120-9f12-9e60b3d316f4}</UniqueIdentifier>
    </Filter>
    <Filter Include="Sources\Editor">
      <UniqueIdentifier>{40ea8281-1706-4a7a-9f94-b3c8fa5f8d2d}</UniqueIdentifier>
    </Filter>
    <Filter Include="Libraries\DevIL">
      <UniqueIdentifier>{f2b6b0e5-5d9a-46e5-9178-963ac7efc6a2}</UniqueIdentifier>
    </Filter>
    <Filter Include="Sources\GameObjects">
      <UniqueIdentifier>{1c868fef-2508-4032-b358-93bde721ad13}</UniqueIdentifier>
    </Filter>
    <Filter Include="Sources\GameObjects\Components">
      <UniqueIdentifier>{a7e4dda5-20d0-421a-9db4-3a1e54bd38c3}</UniqueIdentifier>
    </Filter>
    <Filter Include="Libraries\MathGeoLib">
      <UniqueIdentifier>{12ec87ad-9575-41a9-b214-25b1883dff1d}</UniqueIdentifier>
    </Filter>
    <Filter Include="Libraries\MathGeoLib\Algorithm">
      <UniqueIdentifier>{215d7b07-83a3-4bf7-904a-a519651ac62b}</UniqueIdentifier>
    </Filter>
    <Filter Include="Libraries\MathGeoLib\Geometry">
      <UniqueIdentifier>{464377b5-4a07-486d-b249-30b99930c555}</UniqueIdentifier>
    </Filter>
    <Filter Include="Libraries\MathGeoLib\Math">
      <UniqueIdentifier>{0845b2e6-425b-403e-b834-e9cfeab20590}</UniqueIdentifier>
    </Filter>
    <Filter Include="Libraries\MathGeoLib\Time">
      <UniqueIdentifier>{4fef12ad-1b2a-4632-8a27-6e8958118c66}</UniqueIdentifier>
    </Filter>
    <Filter Include="Sources\FileManager">
      <UniqueIdentifier>{5e7628fb-eb91-4f26-a854-386b137e13fa}</UniqueIdentifier>
    </Filter>
    <Filter Include="Libraries\ImGuizmo">
      <UniqueIdentifier>{4345b012-bda7-4d50-84ab-06e2e82b0f41}</UniqueIdentifier>
    </Filter>
    <Filter Include="Sources\Resources">
      <UniqueIdentifier>{eed0e2c6-7c86-483f-b725-874a82142a9a}</UniqueIdentifier>
    </Filter>
    <Filter Include="Sources\GameObjects\Particles">
      <UniqueIdentifier>{ecf04833-7f08-4cd4-8216-cbd1be222963}</UniqueIdentifier>
    </Filter>
  </ItemGroup>
  <ItemGroup>
    <ClInclude Include="Module.h">
      <Filter>Sources\Modules</Filter>
    </ClInclude>
    <ClInclude Include="ModuleAudio.h">
      <Filter>Sources\Modules</Filter>
    </ClInclude>
    <ClInclude Include="ModuleCamera3D.h">
      <Filter>Sources\Modules</Filter>
    </ClInclude>
    <ClInclude Include="ModuleInput.h">
      <Filter>Sources\Modules</Filter>
    </ClInclude>
    <ClInclude Include="ModuleRenderer3D.h">
      <Filter>Sources\Modules</Filter>
    </ClInclude>
    <ClInclude Include="ModuleWindow.h">
      <Filter>Sources\Modules</Filter>
    </ClInclude>
    <ClInclude Include="glmath.h">
      <Filter>Sources\Containers</Filter>
    </ClInclude>
    <ClInclude Include="Application.h">
      <Filter>Sources</Filter>
    </ClInclude>
    <ClInclude Include="Globals.h">
      <Filter>Sources</Filter>
    </ClInclude>
    <ClInclude Include="Color.h">
      <Filter>Sources\Containers</Filter>
    </ClInclude>
    <ClInclude Include="Light.h">
      <Filter>Sources\Helpers</Filter>
    </ClInclude>
    <ClInclude Include="Timer.h">
      <Filter>Sources\Tools</Filter>
    </ClInclude>
    <ClInclude Include="ModulePhysics3D.h">
      <Filter>Sources\Modules</Filter>
    </ClInclude>
    <ClInclude Include="ModuleGui.h">
      <Filter>Sources\Modules\Game</Filter>
    </ClInclude>
    <ClInclude Include="Libraries\SDL\include\begin_code.h">
      <Filter>Sources\SDL</Filter>
    </ClInclude>
    <ClInclude Include="Libraries\SDL\include\close_code.h">
      <Filter>Sources\SDL</Filter>
    </ClInclude>
    <ClInclude Include="Libraries\SDL\include\SDL.h">
      <Filter>Sources\SDL</Filter>
    </ClInclude>
    <ClInclude Include="Libraries\SDL\include\SDL_assert.h">
      <Filter>Sources\SDL</Filter>
    </ClInclude>
    <ClInclude Include="Libraries\SDL\include\SDL_atomic.h">
      <Filter>Sources\SDL</Filter>
    </ClInclude>
    <ClInclude Include="Libraries\SDL\include\SDL_audio.h">
      <Filter>Sources\SDL</Filter>
    </ClInclude>
    <ClInclude Include="Libraries\SDL\include\SDL_bits.h">
      <Filter>Sources\SDL</Filter>
    </ClInclude>
    <ClInclude Include="Libraries\SDL\include\SDL_blendmode.h">
      <Filter>Sources\SDL</Filter>
    </ClInclude>
    <ClInclude Include="Libraries\SDL\include\SDL_clipboard.h">
      <Filter>Sources\SDL</Filter>
    </ClInclude>
    <ClInclude Include="Libraries\SDL\include\SDL_config.h">
      <Filter>Sources\SDL</Filter>
    </ClInclude>
    <ClInclude Include="Libraries\SDL\include\SDL_config_android.h">
      <Filter>Sources\SDL</Filter>
    </ClInclude>
    <ClInclude Include="Libraries\SDL\include\SDL_config_iphoneos.h">
      <Filter>Sources\SDL</Filter>
    </ClInclude>
    <ClInclude Include="Libraries\SDL\include\SDL_config_macosx.h">
      <Filter>Sources\SDL</Filter>
    </ClInclude>
    <ClInclude Include="Libraries\SDL\include\SDL_config_minimal.h">
      <Filter>Sources\SDL</Filter>
    </ClInclude>
    <ClInclude Include="Libraries\SDL\include\SDL_config_pandora.h">
      <Filter>Sources\SDL</Filter>
    </ClInclude>
    <ClInclude Include="Libraries\SDL\include\SDL_config_psp.h">
      <Filter>Sources\SDL</Filter>
    </ClInclude>
    <ClInclude Include="Libraries\SDL\include\SDL_config_windows.h">
      <Filter>Sources\SDL</Filter>
    </ClInclude>
    <ClInclude Include="Libraries\SDL\include\SDL_config_winrt.h">
      <Filter>Sources\SDL</Filter>
    </ClInclude>
    <ClInclude Include="Libraries\SDL\include\SDL_config_wiz.h">
      <Filter>Sources\SDL</Filter>
    </ClInclude>
    <ClInclude Include="Libraries\SDL\include\SDL_copying.h">
      <Filter>Sources\SDL</Filter>
    </ClInclude>
    <ClInclude Include="Libraries\SDL\include\SDL_cpuinfo.h">
      <Filter>Sources\SDL</Filter>
    </ClInclude>
    <ClInclude Include="Libraries\SDL\include\SDL_egl.h">
      <Filter>Sources\SDL</Filter>
    </ClInclude>
    <ClInclude Include="Libraries\SDL\include\SDL_endian.h">
      <Filter>Sources\SDL</Filter>
    </ClInclude>
    <ClInclude Include="Libraries\SDL\include\SDL_error.h">
      <Filter>Sources\SDL</Filter>
    </ClInclude>
    <ClInclude Include="Libraries\SDL\include\SDL_events.h">
      <Filter>Sources\SDL</Filter>
    </ClInclude>
    <ClInclude Include="Libraries\SDL\include\SDL_filesystem.h">
      <Filter>Sources\SDL</Filter>
    </ClInclude>
    <ClInclude Include="Libraries\SDL\include\SDL_gamecontroller.h">
      <Filter>Sources\SDL</Filter>
    </ClInclude>
    <ClInclude Include="Libraries\SDL\include\SDL_gesture.h">
      <Filter>Sources\SDL</Filter>
    </ClInclude>
    <ClInclude Include="Libraries\SDL\include\SDL_haptic.h">
      <Filter>Sources\SDL</Filter>
    </ClInclude>
    <ClInclude Include="Libraries\SDL\include\SDL_hints.h">
      <Filter>Sources\SDL</Filter>
    </ClInclude>
    <ClInclude Include="Libraries\SDL\include\SDL_joystick.h">
      <Filter>Sources\SDL</Filter>
    </ClInclude>
    <ClInclude Include="Libraries\SDL\include\SDL_keyboard.h">
      <Filter>Sources\SDL</Filter>
    </ClInclude>
    <ClInclude Include="Libraries\SDL\include\SDL_keycode.h">
      <Filter>Sources\SDL</Filter>
    </ClInclude>
    <ClInclude Include="Libraries\SDL\include\SDL_loadso.h">
      <Filter>Sources\SDL</Filter>
    </ClInclude>
    <ClInclude Include="Libraries\SDL\include\SDL_log.h">
      <Filter>Sources\SDL</Filter>
    </ClInclude>
    <ClInclude Include="Libraries\SDL\include\SDL_main.h">
      <Filter>Sources\SDL</Filter>
    </ClInclude>
    <ClInclude Include="Libraries\SDL\include\SDL_messagebox.h">
      <Filter>Sources\SDL</Filter>
    </ClInclude>
    <ClInclude Include="Libraries\SDL\include\SDL_mouse.h">
      <Filter>Sources\SDL</Filter>
    </ClInclude>
    <ClInclude Include="Libraries\SDL\include\SDL_mutex.h">
      <Filter>Sources\SDL</Filter>
    </ClInclude>
    <ClInclude Include="Libraries\SDL\include\SDL_name.h">
      <Filter>Sources\SDL</Filter>
    </ClInclude>
    <ClInclude Include="Libraries\SDL\include\SDL_opengl.h">
      <Filter>Sources\SDL</Filter>
    </ClInclude>
    <ClInclude Include="Libraries\SDL\include\SDL_opengles.h">
      <Filter>Sources\SDL</Filter>
    </ClInclude>
    <ClInclude Include="Libraries\SDL\include\SDL_opengles2.h">
      <Filter>Sources\SDL</Filter>
    </ClInclude>
    <ClInclude Include="Libraries\SDL\include\SDL_opengles2_gl2.h">
      <Filter>Sources\SDL</Filter>
    </ClInclude>
    <ClInclude Include="Libraries\SDL\include\SDL_opengles2_gl2ext.h">
      <Filter>Sources\SDL</Filter>
    </ClInclude>
    <ClInclude Include="Libraries\SDL\include\SDL_opengles2_gl2platform.h">
      <Filter>Sources\SDL</Filter>
    </ClInclude>
    <ClInclude Include="Libraries\SDL\include\SDL_opengles2_khrplatform.h">
      <Filter>Sources\SDL</Filter>
    </ClInclude>
    <ClInclude Include="Libraries\SDL\include\SDL_opengl_glext.h">
      <Filter>Sources\SDL</Filter>
    </ClInclude>
    <ClInclude Include="Libraries\SDL\include\SDL_pixels.h">
      <Filter>Sources\SDL</Filter>
    </ClInclude>
    <ClInclude Include="Libraries\SDL\include\SDL_platform.h">
      <Filter>Sources\SDL</Filter>
    </ClInclude>
    <ClInclude Include="Libraries\SDL\include\SDL_power.h">
      <Filter>Sources\SDL</Filter>
    </ClInclude>
    <ClInclude Include="Libraries\SDL\include\SDL_quit.h">
      <Filter>Sources\SDL</Filter>
    </ClInclude>
    <ClInclude Include="Libraries\SDL\include\SDL_rect.h">
      <Filter>Sources\SDL</Filter>
    </ClInclude>
    <ClInclude Include="Libraries\SDL\include\SDL_render.h">
      <Filter>Sources\SDL</Filter>
    </ClInclude>
    <ClInclude Include="Libraries\SDL\include\SDL_revision.h">
      <Filter>Sources\SDL</Filter>
    </ClInclude>
    <ClInclude Include="Libraries\SDL\include\SDL_rwops.h">
      <Filter>Sources\SDL</Filter>
    </ClInclude>
    <ClInclude Include="Libraries\SDL\include\SDL_scancode.h">
      <Filter>Sources\SDL</Filter>
    </ClInclude>
    <ClInclude Include="Libraries\SDL\include\SDL_sensor.h">
      <Filter>Sources\SDL</Filter>
    </ClInclude>
    <ClInclude Include="Libraries\SDL\include\SDL_shape.h">
      <Filter>Sources\SDL</Filter>
    </ClInclude>
    <ClInclude Include="Libraries\SDL\include\SDL_stdinc.h">
      <Filter>Sources\SDL</Filter>
    </ClInclude>
    <ClInclude Include="Libraries\SDL\include\SDL_surface.h">
      <Filter>Sources\SDL</Filter>
    </ClInclude>
    <ClInclude Include="Libraries\SDL\include\SDL_system.h">
      <Filter>Sources\SDL</Filter>
    </ClInclude>
    <ClInclude Include="Libraries\SDL\include\SDL_syswm.h">
      <Filter>Sources\SDL</Filter>
    </ClInclude>
    <ClInclude Include="Libraries\SDL\include\SDL_test.h">
      <Filter>Sources\SDL</Filter>
    </ClInclude>
    <ClInclude Include="Libraries\SDL\include\SDL_test_assert.h">
      <Filter>Sources\SDL</Filter>
    </ClInclude>
    <ClInclude Include="Libraries\SDL\include\SDL_test_common.h">
      <Filter>Sources\SDL</Filter>
    </ClInclude>
    <ClInclude Include="Libraries\SDL\include\SDL_test_compare.h">
      <Filter>Sources\SDL</Filter>
    </ClInclude>
    <ClInclude Include="Libraries\SDL\include\SDL_test_crc32.h">
      <Filter>Sources\SDL</Filter>
    </ClInclude>
    <ClInclude Include="Libraries\SDL\include\SDL_test_font.h">
      <Filter>Sources\SDL</Filter>
    </ClInclude>
    <ClInclude Include="Libraries\SDL\include\SDL_test_fuzzer.h">
      <Filter>Sources\SDL</Filter>
    </ClInclude>
    <ClInclude Include="Libraries\SDL\include\SDL_test_harness.h">
      <Filter>Sources\SDL</Filter>
    </ClInclude>
    <ClInclude Include="Libraries\SDL\include\SDL_test_images.h">
      <Filter>Sources\SDL</Filter>
    </ClInclude>
    <ClInclude Include="Libraries\SDL\include\SDL_test_log.h">
      <Filter>Sources\SDL</Filter>
    </ClInclude>
    <ClInclude Include="Libraries\SDL\include\SDL_test_md5.h">
      <Filter>Sources\SDL</Filter>
    </ClInclude>
    <ClInclude Include="Libraries\SDL\include\SDL_test_memory.h">
      <Filter>Sources\SDL</Filter>
    </ClInclude>
    <ClInclude Include="Libraries\SDL\include\SDL_test_random.h">
      <Filter>Sources\SDL</Filter>
    </ClInclude>
    <ClInclude Include="Libraries\SDL\include\SDL_thread.h">
      <Filter>Sources\SDL</Filter>
    </ClInclude>
    <ClInclude Include="Libraries\SDL\include\SDL_timer.h">
      <Filter>Sources\SDL</Filter>
    </ClInclude>
    <ClInclude Include="Libraries\SDL\include\SDL_touch.h">
      <Filter>Sources\SDL</Filter>
    </ClInclude>
    <ClInclude Include="Libraries\SDL\include\SDL_types.h">
      <Filter>Sources\SDL</Filter>
    </ClInclude>
    <ClInclude Include="Libraries\SDL\include\SDL_version.h">
      <Filter>Sources\SDL</Filter>
    </ClInclude>
    <ClInclude Include="Libraries\SDL\include\SDL_video.h">
      <Filter>Sources\SDL</Filter>
    </ClInclude>
    <ClInclude Include="Libraries\SDL\include\SDL_vulkan.h">
      <Filter>Sources\SDL</Filter>
    </ClInclude>
    <ClInclude Include="Libraries\glew\eglew.h">
      <Filter>Libraries\glew</Filter>
    </ClInclude>
    <ClInclude Include="Libraries\glew\glew.h">
      <Filter>Libraries\glew</Filter>
    </ClInclude>
    <ClInclude Include="Libraries\glew\glxew.h">
      <Filter>Libraries\glew</Filter>
    </ClInclude>
    <ClInclude Include="Libraries\glew\wglew.h">
      <Filter>Libraries\glew</Filter>
    </ClInclude>
    <ClInclude Include="ModuleConsole.h">
      <Filter>Sources\Modules</Filter>
    </ClInclude>
    <ClInclude Include="Libraries\JSON\parson.h">
      <Filter>Libraries\JSON</Filter>
    </ClInclude>
    <ClInclude Include="Libraries\ImGui\imconfig.h">
      <Filter>Libraries\ImGui</Filter>
    </ClInclude>
    <ClInclude Include="Libraries\ImGui\imgui.h">
      <Filter>Libraries\ImGui</Filter>
    </ClInclude>
    <ClInclude Include="Libraries\ImGui\imgui_impl_opengl3.h">
      <Filter>Libraries\ImGui</Filter>
    </ClInclude>
    <ClInclude Include="Libraries\ImGui\imgui_impl_sdl.h">
      <Filter>Libraries\ImGui</Filter>
    </ClInclude>
    <ClInclude Include="Libraries\ImGui\imgui_internal.h">
      <Filter>Libraries\ImGui</Filter>
    </ClInclude>
    <ClInclude Include="Libraries\ImGui\imstb_rectpack.h">
      <Filter>Libraries\ImGui</Filter>
    </ClInclude>
    <ClInclude Include="Libraries\ImGui\imstb_textedit.h">
      <Filter>Libraries\ImGui</Filter>
    </ClInclude>
    <ClInclude Include="Libraries\ImGui\imstb_truetype.h">
      <Filter>Libraries\ImGui</Filter>
    </ClInclude>
    <ClInclude Include="ModuleEditor.h">
      <Filter>Sources\Modules\Game</Filter>
    </ClInclude>
    <ClInclude Include="WindowConfig.h">
      <Filter>Sources\Editor</Filter>
    </ClInclude>
    <ClInclude Include="Libraries\DevIL\include\config.h">
      <Filter>Libraries\DevIL</Filter>
    </ClInclude>
    <ClInclude Include="Libraries\DevIL\include\devil_internal_exports.h">
      <Filter>Libraries\DevIL</Filter>
    </ClInclude>
    <ClInclude Include="Libraries\DevIL\include\il.h">
      <Filter>Libraries\DevIL</Filter>
    </ClInclude>
    <ClInclude Include="Libraries\DevIL\include\il_wrap.h">
      <Filter>Libraries\DevIL</Filter>
    </ClInclude>
    <ClInclude Include="Libraries\DevIL\include\ilu.h">
      <Filter>Libraries\DevIL</Filter>
    </ClInclude>
    <ClInclude Include="Libraries\DevIL\include\ilu_region.h">
      <Filter>Libraries\DevIL</Filter>
    </ClInclude>
    <ClInclude Include="Libraries\DevIL\include\ilut.h">
      <Filter>Libraries\DevIL</Filter>
    </ClInclude>
    <ClInclude Include="Libraries\DevIL\include\ilut_config.h">
      <Filter>Libraries\DevIL</Filter>
    </ClInclude>
    <ClInclude Include="GameObject.h">
      <Filter>Sources\GameObjects</Filter>
    </ClInclude>
    <ClInclude Include="Component.h">
      <Filter>Sources\GameObjects\Components</Filter>
    </ClInclude>
    <ClInclude Include="Component_Transformation.h">
      <Filter>Sources\GameObjects\Components</Filter>
    </ClInclude>
    <ClInclude Include="Component_Mesh.h">
      <Filter>Sources\GameObjects\Components</Filter>
    </ClInclude>
    <ClInclude Include="Component_Material.h">
      <Filter>Sources\GameObjects\Components</Filter>
    </ClInclude>
    <ClInclude Include="ModuleScene.h">
      <Filter>Sources\Modules\Game</Filter>
    </ClInclude>
    <ClInclude Include="Libraries\MathGeoLib\MathBuildConfig.h">
      <Filter>Libraries\MathGeoLib</Filter>
    </ClInclude>
    <ClInclude Include="Libraries\MathGeoLib\MathGeoLib.h">
      <Filter>Libraries\MathGeoLib</Filter>
    </ClInclude>
    <ClInclude Include="Libraries\MathGeoLib\MathGeoLibFwd.h">
      <Filter>Libraries\MathGeoLib</Filter>
    </ClInclude>
    <ClInclude Include="Libraries\MathGeoLib\Algorithm\Random\LCG.h">
      <Filter>Libraries\MathGeoLib\Algorithm</Filter>
    </ClInclude>
    <ClInclude Include="Libraries\MathGeoLib\Geometry\Triangle.h">
      <Filter>Libraries\MathGeoLib\Geometry</Filter>
    </ClInclude>
    <ClInclude Include="Libraries\MathGeoLib\Geometry\TriangleMesh.h">
      <Filter>Libraries\MathGeoLib\Geometry</Filter>
    </ClInclude>
    <ClInclude Include="Libraries\MathGeoLib\Geometry\AABB.h">
      <Filter>Libraries\MathGeoLib\Geometry</Filter>
    </ClInclude>
    <ClInclude Include="Libraries\MathGeoLib\Geometry\AABB2D.h">
      <Filter>Libraries\MathGeoLib\Geometry</Filter>
    </ClInclude>
    <ClInclude Include="Libraries\MathGeoLib\Geometry\Capsule.h">
      <Filter>Libraries\MathGeoLib\Geometry</Filter>
    </ClInclude>
    <ClInclude Include="Libraries\MathGeoLib\Geometry\Circle.h">
      <Filter>Libraries\MathGeoLib\Geometry</Filter>
    </ClInclude>
    <ClInclude Include="Libraries\MathGeoLib\Geometry\Frustum.h">
      <Filter>Libraries\MathGeoLib\Geometry</Filter>
    </ClInclude>
    <ClInclude Include="Libraries\MathGeoLib\Geometry\GeometryAll.h">
      <Filter>Libraries\MathGeoLib\Geometry</Filter>
    </ClInclude>
    <ClInclude Include="Libraries\MathGeoLib\Geometry\GeomType.h">
      <Filter>Libraries\MathGeoLib\Geometry</Filter>
    </ClInclude>
    <ClInclude Include="Libraries\MathGeoLib\Geometry\HitInfo.h">
      <Filter>Libraries\MathGeoLib\Geometry</Filter>
    </ClInclude>
    <ClInclude Include="Libraries\MathGeoLib\Geometry\KDTree.h">
      <Filter>Libraries\MathGeoLib\Geometry</Filter>
    </ClInclude>
    <ClInclude Include="Libraries\MathGeoLib\Geometry\Line.h">
      <Filter>Libraries\MathGeoLib\Geometry</Filter>
    </ClInclude>
    <ClInclude Include="Libraries\MathGeoLib\Geometry\LineSegment.h">
      <Filter>Libraries\MathGeoLib\Geometry</Filter>
    </ClInclude>
    <ClInclude Include="Libraries\MathGeoLib\Geometry\OBB.h">
      <Filter>Libraries\MathGeoLib\Geometry</Filter>
    </ClInclude>
    <ClInclude Include="Libraries\MathGeoLib\Geometry\PBVolume.h">
      <Filter>Libraries\MathGeoLib\Geometry</Filter>
    </ClInclude>
    <ClInclude Include="Libraries\MathGeoLib\Geometry\Plane.h">
      <Filter>Libraries\MathGeoLib\Geometry</Filter>
    </ClInclude>
    <ClInclude Include="Libraries\MathGeoLib\Geometry\Polygon.h">
      <Filter>Libraries\MathGeoLib\Geometry</Filter>
    </ClInclude>
    <ClInclude Include="Libraries\MathGeoLib\Geometry\Polyhedron.h">
      <Filter>Libraries\MathGeoLib\Geometry</Filter>
    </ClInclude>
    <ClInclude Include="Libraries\MathGeoLib\Geometry\QuadTree.h">
      <Filter>Libraries\MathGeoLib\Geometry</Filter>
    </ClInclude>
    <ClInclude Include="Libraries\MathGeoLib\Geometry\Ray.h">
      <Filter>Libraries\MathGeoLib\Geometry</Filter>
    </ClInclude>
    <ClInclude Include="Libraries\MathGeoLib\Geometry\Sphere.h">
      <Filter>Libraries\MathGeoLib\Geometry</Filter>
    </ClInclude>
    <ClInclude Include="Libraries\MathGeoLib\Math\TransformOps.h">
      <Filter>Libraries\MathGeoLib\Math</Filter>
    </ClInclude>
    <ClInclude Include="Libraries\MathGeoLib\Math\assume.h">
      <Filter>Libraries\MathGeoLib\Math</Filter>
    </ClInclude>
    <ClInclude Include="Libraries\MathGeoLib\Math\BitOps.h">
      <Filter>Libraries\MathGeoLib\Math</Filter>
    </ClInclude>
    <ClInclude Include="Libraries\MathGeoLib\Math\Complex.h">
      <Filter>Libraries\MathGeoLib\Math</Filter>
    </ClInclude>
    <ClInclude Include="Libraries\MathGeoLib\Math\CoordinateAxisConvention.h">
      <Filter>Libraries\MathGeoLib\Math</Filter>
    </ClInclude>
    <ClInclude Include="Libraries\MathGeoLib\Math\FixedPoint.h">
      <Filter>Libraries\MathGeoLib\Math</Filter>
    </ClInclude>
    <ClInclude Include="Libraries\MathGeoLib\Math\float2.h">
      <Filter>Libraries\MathGeoLib\Math</Filter>
    </ClInclude>
    <ClInclude Include="Libraries\MathGeoLib\Math\float3.h">
      <Filter>Libraries\MathGeoLib\Math</Filter>
    </ClInclude>
    <ClInclude Include="Libraries\MathGeoLib\Math\float3x3.h">
      <Filter>Libraries\MathGeoLib\Math</Filter>
    </ClInclude>
    <ClInclude Include="Libraries\MathGeoLib\Math\float3x4.h">
      <Filter>Libraries\MathGeoLib\Math</Filter>
    </ClInclude>
    <ClInclude Include="Libraries\MathGeoLib\Math\float4.h">
      <Filter>Libraries\MathGeoLib\Math</Filter>
    </ClInclude>
    <ClInclude Include="Libraries\MathGeoLib\Math\float4_neon.h">
      <Filter>Libraries\MathGeoLib\Math</Filter>
    </ClInclude>
    <ClInclude Include="Libraries\MathGeoLib\Math\float4_sse.h">
      <Filter>Libraries\MathGeoLib\Math</Filter>
    </ClInclude>
    <ClInclude Include="Libraries\MathGeoLib\Math\float4x4.h">
      <Filter>Libraries\MathGeoLib\Math</Filter>
    </ClInclude>
    <ClInclude Include="Libraries\MathGeoLib\Math\float4x4_neon.h">
      <Filter>Libraries\MathGeoLib\Math</Filter>
    </ClInclude>
    <ClInclude Include="Libraries\MathGeoLib\Math\float4x4_sse.h">
      <Filter>Libraries\MathGeoLib\Math</Filter>
    </ClInclude>
    <ClInclude Include="Libraries\MathGeoLib\Math\FloatCmp.h">
      <Filter>Libraries\MathGeoLib\Math</Filter>
    </ClInclude>
    <ClInclude Include="Libraries\MathGeoLib\Math\MathAll.h">
      <Filter>Libraries\MathGeoLib\Math</Filter>
    </ClInclude>
    <ClInclude Include="Libraries\MathGeoLib\Math\MathConstants.h">
      <Filter>Libraries\MathGeoLib\Math</Filter>
    </ClInclude>
    <ClInclude Include="Libraries\MathGeoLib\Math\MathFunc.h">
      <Filter>Libraries\MathGeoLib\Math</Filter>
    </ClInclude>
    <ClInclude Include="Libraries\MathGeoLib\Math\MathLog.h">
      <Filter>Libraries\MathGeoLib\Math</Filter>
    </ClInclude>
    <ClInclude Include="Libraries\MathGeoLib\Math\MathNamespace.h">
      <Filter>Libraries\MathGeoLib\Math</Filter>
    </ClInclude>
    <ClInclude Include="Libraries\MathGeoLib\Math\MathTypes.h">
      <Filter>Libraries\MathGeoLib\Math</Filter>
    </ClInclude>
    <ClInclude Include="Libraries\MathGeoLib\Math\MatrixProxy.h">
      <Filter>Libraries\MathGeoLib\Math</Filter>
    </ClInclude>
    <ClInclude Include="Libraries\MathGeoLib\Math\myassert.h">
      <Filter>Libraries\MathGeoLib\Math</Filter>
    </ClInclude>
    <ClInclude Include="Libraries\MathGeoLib\Math\Polynomial.h">
      <Filter>Libraries\MathGeoLib\Math</Filter>
    </ClInclude>
    <ClInclude Include="Libraries\MathGeoLib\Math\Quat.h">
      <Filter>Libraries\MathGeoLib\Math</Filter>
    </ClInclude>
    <ClInclude Include="Libraries\MathGeoLib\Math\quat_simd.h">
      <Filter>Libraries\MathGeoLib\Math</Filter>
    </ClInclude>
    <ClInclude Include="Libraries\MathGeoLib\Math\Rect.h">
      <Filter>Libraries\MathGeoLib\Math</Filter>
    </ClInclude>
    <ClInclude Include="Libraries\MathGeoLib\Math\Reinterpret.h">
      <Filter>Libraries\MathGeoLib\Math</Filter>
    </ClInclude>
    <ClInclude Include="Libraries\MathGeoLib\Math\sse_mathfun.h">
      <Filter>Libraries\MathGeoLib\Math</Filter>
    </ClInclude>
    <ClInclude Include="Libraries\MathGeoLib\Math\SSEMath.h">
      <Filter>Libraries\MathGeoLib\Math</Filter>
    </ClInclude>
    <ClInclude Include="Libraries\MathGeoLib\Time\Clock.h">
      <Filter>Libraries\MathGeoLib\Time</Filter>
    </ClInclude>
    <ClInclude Include="ModuleFileSystem.h">
      <Filter>Sources\Modules</Filter>
    </ClInclude>
    <ClInclude Include="W_About.h">
      <Filter>Sources\Editor</Filter>
    </ClInclude>
    <ClInclude Include="W_Configuration.h">
      <Filter>Sources\Editor</Filter>
    </ClInclude>
    <ClInclude Include="W_Explorer.h">
      <Filter>Sources\Editor</Filter>
    </ClInclude>
    <ClInclude Include="W_Inspector.h">
      <Filter>Sources\Editor</Filter>
    </ClInclude>
    <ClInclude Include="W_Resources.h">
      <Filter>Sources\Editor</Filter>
    </ClInclude>
    <ClInclude Include="W_Theme.h">
      <Filter>Sources\Editor</Filter>
    </ClInclude>
    <ClInclude Include="W_SceneWindow.h">
      <Filter>Sources\Editor</Filter>
    </ClInclude>
    <ClInclude Include="W_Hierarchy.h">
      <Filter>Sources\Editor</Filter>
    </ClInclude>
    <ClInclude Include="W_Toolbar.h">
      <Filter>Sources\Editor</Filter>
    </ClInclude>
    <ClInclude Include="PathNode.h">
      <Filter>Sources\Containers</Filter>
    </ClInclude>
    <ClInclude Include="Config_JSON.h">
      <Filter>Sources\FileManager</Filter>
    </ClInclude>
    <ClInclude Include="Component_Camera.h">
      <Filter>Sources\GameObjects\Components</Filter>
    </ClInclude>
    <ClInclude Include="Libraries\ImGuizmo\ImGuizmo.h">
      <Filter>Libraries\ImGuizmo</Filter>
    </ClInclude>
    <ClInclude Include="ModuleTimeManagement.h">
      <Filter>Sources\Modules</Filter>
    </ClInclude>
    <ClInclude Include="ModuleSceneLoader.h">
      <Filter>Sources\Modules</Filter>
    </ClInclude>
    <ClInclude Include="ModuleResources.h">
      <Filter>Sources\Modules</Filter>
    </ClInclude>
    <ClInclude Include="Resource.h">
      <Filter>Sources\Resources</Filter>
    </ClInclude>
    <ClInclude Include="ResourceMesh.h">
      <Filter>Sources\Resources</Filter>
    </ClInclude>
    <ClInclude Include="ResourceTexture.h">
      <Filter>Sources\Resources</Filter>
    </ClInclude>
    <ClInclude Include="ModuleTexture.h">
      <Filter>Sources\Modules</Filter>
    </ClInclude>
    <ClInclude Include="ResourceParticleSystem.h">
      <Filter>Sources\Resources</Filter>
    </ClInclude>
    <ClInclude Include="Component_ParticleSystem.h">
      <Filter>Sources\GameObjects\Components</Filter>
    </ClInclude>
    <ClInclude Include="EmitterInstance.h">
      <Filter>Sources\GameObjects\Particles</Filter>
    </ClInclude>
    <ClInclude Include="Particle.h">
      <Filter>Sources\GameObjects\Particles</Filter>
    </ClInclude>
    <ClInclude Include="ParticleModule.h">
      <Filter>Sources\GameObjects\Particles</Filter>
    </ClInclude>
    <ClInclude Include="ParticleEmitter.h">
      <Filter>Sources\GameObjects\Particles</Filter>
    </ClInclude>
    <ClInclude Include="Component_Billboard.h">
      <Filter>Sources\GameObjects\Components</Filter>
    </ClInclude>
  </ItemGroup>
  <ItemGroup>
    <ClCompile Include="ModuleAudio.cpp">
      <Filter>Sources\Modules</Filter>
    </ClCompile>
    <ClCompile Include="ModuleCamera3D.cpp">
      <Filter>Sources\Modules</Filter>
    </ClCompile>
    <ClCompile Include="ModuleInput.cpp">
      <Filter>Sources\Modules</Filter>
    </ClCompile>
    <ClCompile Include="ModuleRenderer3D.cpp">
      <Filter>Sources\Modules</Filter>
    </ClCompile>
    <ClCompile Include="ModuleWindow.cpp">
      <Filter>Sources\Modules</Filter>
    </ClCompile>
    <ClCompile Include="log.cpp">
      <Filter>Sources\Tools</Filter>
    </ClCompile>
    <ClCompile Include="Timer.cpp">
      <Filter>Sources\Tools</Filter>
    </ClCompile>
    <ClCompile Include="Application.cpp">
      <Filter>Sources</Filter>
    </ClCompile>
    <ClCompile Include="Main.cpp">
      <Filter>Sources</Filter>
    </ClCompile>
    <ClCompile Include="glmath.cpp">
      <Filter>Sources\Containers</Filter>
    </ClCompile>
    <ClCompile Include="Color.cpp">
      <Filter>Sources\Containers</Filter>
    </ClCompile>
    <ClCompile Include="Light.cpp">
      <Filter>Sources\Helpers</Filter>
    </ClCompile>
    <ClCompile Include="ModulePhysics3D.cpp">
      <Filter>Sources\Modules</Filter>
    </ClCompile>
    <ClCompile Include="ModuleGui.cpp">
      <Filter>Sources\Modules\Game</Filter>
    </ClCompile>
    <ClCompile Include="ModuleConsole.cpp">
      <Filter>Sources\Modules</Filter>
    </ClCompile>
    <ClCompile Include="Libraries\JSON\parson.c">
      <Filter>Libraries\JSON</Filter>
    </ClCompile>
    <ClCompile Include="Libraries\ImGui\imgui.cpp">
      <Filter>Libraries\ImGui</Filter>
    </ClCompile>
    <ClCompile Include="Libraries\ImGui\imgui_demo.cpp">
      <Filter>Libraries\ImGui</Filter>
    </ClCompile>
    <ClCompile Include="Libraries\ImGui\imgui_draw.cpp">
      <Filter>Libraries\ImGui</Filter>
    </ClCompile>
    <ClCompile Include="Libraries\ImGui\imgui_impl_opengl3.cpp">
      <Filter>Libraries\ImGui</Filter>
    </ClCompile>
    <ClCompile Include="Libraries\ImGui\imgui_impl_sdl.cpp">
      <Filter>Libraries\ImGui</Filter>
    </ClCompile>
    <ClCompile Include="Libraries\ImGui\imgui_widgets.cpp">
      <Filter>Libraries\ImGui</Filter>
    </ClCompile>
    <ClCompile Include="ModuleEditor.cpp">
      <Filter>Sources\Modules\Game</Filter>
    </ClCompile>
    <ClCompile Include="GameObject.cpp">
      <Filter>Sources\GameObjects</Filter>
    </ClCompile>
    <ClCompile Include="Component.cpp">
      <Filter>Sources\GameObjects\Components</Filter>
    </ClCompile>
    <ClCompile Include="Component_Transformation.cpp">
      <Filter>Sources\GameObjects\Components</Filter>
    </ClCompile>
    <ClCompile Include="Component_Mesh.cpp">
      <Filter>Sources\GameObjects\Components</Filter>
    </ClCompile>
    <ClCompile Include="Component_Material.cpp">
      <Filter>Sources\GameObjects\Components</Filter>
    </ClCompile>
    <ClCompile Include="ModuleScene.cpp">
      <Filter>Sources\Modules\Game</Filter>
    </ClCompile>
    <ClCompile Include="Libraries\MathGeoLib\Algorithm\Random\LCG.cpp">
      <Filter>Libraries\MathGeoLib\Algorithm</Filter>
    </ClCompile>
    <ClCompile Include="Libraries\MathGeoLib\Geometry\TriangleMesh.cpp">
      <Filter>Libraries\MathGeoLib\Geometry</Filter>
    </ClCompile>
    <ClCompile Include="Libraries\MathGeoLib\Geometry\AABB.cpp">
      <Filter>Libraries\MathGeoLib\Geometry</Filter>
    </ClCompile>
    <ClCompile Include="Libraries\MathGeoLib\Geometry\Capsule.cpp">
      <Filter>Libraries\MathGeoLib\Geometry</Filter>
    </ClCompile>
    <ClCompile Include="Libraries\MathGeoLib\Geometry\Circle.cpp">
      <Filter>Libraries\MathGeoLib\Geometry</Filter>
    </ClCompile>
    <ClCompile Include="Libraries\MathGeoLib\Geometry\Frustum.cpp">
      <Filter>Libraries\MathGeoLib\Geometry</Filter>
    </ClCompile>
    <ClCompile Include="Libraries\MathGeoLib\Geometry\Line.cpp">
      <Filter>Libraries\MathGeoLib\Geometry</Filter>
    </ClCompile>
    <ClCompile Include="Libraries\MathGeoLib\Geometry\LineSegment.cpp">
      <Filter>Libraries\MathGeoLib\Geometry</Filter>
    </ClCompile>
    <ClCompile Include="Libraries\MathGeoLib\Geometry\OBB.cpp">
      <Filter>Libraries\MathGeoLib\Geometry</Filter>
    </ClCompile>
    <ClCompile Include="Libraries\MathGeoLib\Geometry\Plane.cpp">
      <Filter>Libraries\MathGeoLib\Geometry</Filter>
    </ClCompile>
    <ClCompile Include="Libraries\MathGeoLib\Geometry\Polygon.cpp">
      <Filter>Libraries\MathGeoLib\Geometry</Filter>
    </ClCompile>
    <ClCompile Include="Libraries\MathGeoLib\Geometry\Polyhedron.cpp">
      <Filter>Libraries\MathGeoLib\Geometry</Filter>
    </ClCompile>
    <ClCompile Include="Libraries\MathGeoLib\Geometry\Ray.cpp">
      <Filter>Libraries\MathGeoLib\Geometry</Filter>
    </ClCompile>
    <ClCompile Include="Libraries\MathGeoLib\Geometry\Sphere.cpp">
      <Filter>Libraries\MathGeoLib\Geometry</Filter>
    </ClCompile>
    <ClCompile Include="Libraries\MathGeoLib\Geometry\Triangle.cpp">
      <Filter>Libraries\MathGeoLib\Geometry</Filter>
    </ClCompile>
    <ClCompile Include="Libraries\MathGeoLib\Math\TransformOps.cpp">
      <Filter>Libraries\MathGeoLib\Math</Filter>
    </ClCompile>
    <ClCompile Include="Libraries\MathGeoLib\Math\BitOps.cpp">
      <Filter>Libraries\MathGeoLib\Math</Filter>
    </ClCompile>
    <ClCompile Include="Libraries\MathGeoLib\Math\float2.cpp">
      <Filter>Libraries\MathGeoLib\Math</Filter>
    </ClCompile>
    <ClCompile Include="Libraries\MathGeoLib\Math\float3.cpp">
      <Filter>Libraries\MathGeoLib\Math</Filter>
    </ClCompile>
    <ClCompile Include="Libraries\MathGeoLib\Math\float3x3.cpp">
      <Filter>Libraries\MathGeoLib\Math</Filter>
    </ClCompile>
    <ClCompile Include="Libraries\MathGeoLib\Math\float3x4.cpp">
      <Filter>Libraries\MathGeoLib\Math</Filter>
    </ClCompile>
    <ClCompile Include="Libraries\MathGeoLib\Math\float4.cpp">
      <Filter>Libraries\MathGeoLib\Math</Filter>
    </ClCompile>
    <ClCompile Include="Libraries\MathGeoLib\Math\float4x4.cpp">
      <Filter>Libraries\MathGeoLib\Math</Filter>
    </ClCompile>
    <ClCompile Include="Libraries\MathGeoLib\Math\MathFunc.cpp">
      <Filter>Libraries\MathGeoLib\Math</Filter>
    </ClCompile>
    <ClCompile Include="Libraries\MathGeoLib\Math\MathLog.cpp">
      <Filter>Libraries\MathGeoLib\Math</Filter>
    </ClCompile>
    <ClCompile Include="Libraries\MathGeoLib\Math\MathOps.cpp">
      <Filter>Libraries\MathGeoLib\Math</Filter>
    </ClCompile>
    <ClCompile Include="Libraries\MathGeoLib\Math\Polynomial.cpp">
      <Filter>Libraries\MathGeoLib\Math</Filter>
    </ClCompile>
    <ClCompile Include="Libraries\MathGeoLib\Math\Quat.cpp">
      <Filter>Libraries\MathGeoLib\Math</Filter>
    </ClCompile>
    <ClCompile Include="Libraries\MathGeoLib\Math\SSEMath.cpp">
      <Filter>Libraries\MathGeoLib\Math</Filter>
    </ClCompile>
    <ClCompile Include="Libraries\MathGeoLib\Time\Clock.cpp">
      <Filter>Libraries\MathGeoLib\Time</Filter>
    </ClCompile>
    <ClCompile Include="ModuleFileSystem.cpp">
      <Filter>Sources\Modules</Filter>
    </ClCompile>
    <ClCompile Include="W_About.cpp">
      <Filter>Sources\Editor</Filter>
    </ClCompile>
    <ClCompile Include="W_Configuration.cpp">
      <Filter>Sources\Editor</Filter>
    </ClCompile>
    <ClCompile Include="W_Explorer.cpp">
      <Filter>Sources\Editor</Filter>
    </ClCompile>
    <ClCompile Include="W_Hierarchy.cpp">
      <Filter>Sources\Editor</Filter>
    </ClCompile>
    <ClCompile Include="W_Inspector.cpp">
      <Filter>Sources\Editor</Filter>
    </ClCompile>
    <ClCompile Include="W_SceneWindow.cpp">
      <Filter>Sources\Editor</Filter>
    </ClCompile>
    <ClCompile Include="WindowConfig.cpp">
      <Filter>Sources\Editor</Filter>
    </ClCompile>
    <ClCompile Include="W_Theme.cpp">
      <Filter>Sources\Editor</Filter>
    </ClCompile>
    <ClCompile Include="W_Resources.cpp">
      <Filter>Sources\Editor</Filter>
    </ClCompile>
    <ClCompile Include="W_Toolbar.cpp">
      <Filter>Sources\Editor</Filter>
    </ClCompile>
    <ClCompile Include="Config_JSON.cpp">
      <Filter>Sources\FileManager</Filter>
    </ClCompile>
    <ClCompile Include="Component_Camera.cpp">
      <Filter>Sources\GameObjects\Components</Filter>
    </ClCompile>
    <ClCompile Include="Libraries\ImGuizmo\ImGuizmo.cpp">
      <Filter>Libraries\ImGuizmo</Filter>
    </ClCompile>
    <ClCompile Include="ModuleTimeManagement.cpp">
      <Filter>Sources\Modules</Filter>
    </ClCompile>
    <ClCompile Include="ModuleSceneLoader.cpp">
      <Filter>Sources\Modules</Filter>
    </ClCompile>
    <ClCompile Include="ModuleResources.cpp">
      <Filter>Sources\Modules</Filter>
    </ClCompile>
    <ClCompile Include="Resource.cpp">
      <Filter>Sources\Resources</Filter>
    </ClCompile>
    <ClCompile Include="ResourceMesh.cpp">
      <Filter>Sources\Resources</Filter>
    </ClCompile>
    <ClCompile Include="ResourceTexture.cpp">
      <Filter>Sources\Resources</Filter>
    </ClCompile>
    <ClCompile Include="ModuleTexture.cpp">
      <Filter>Sources\Modules</Filter>
    </ClCompile>
    <ClCompile Include="ResourceParticleSystem.cpp">
      <Filter>Sources\Resources</Filter>
    </ClCompile>
    <ClCompile Include="Component_ParticleSystem.cpp">
      <Filter>Sources\GameObjects\Components</Filter>
    </ClCompile>
    <ClCompile Include="EmitterInstance.cpp">
      <Filter>Sources\GameObjects\Particles</Filter>
    </ClCompile>
    <ClCompile Include="Particle.cpp">
      <Filter>Sources\GameObjects\Particles</Filter>
    </ClCompile>
    <ClCompile Include="ParticleModule.cpp">
      <Filter>Sources\GameObjects\Particles</Filter>
    </ClCompile>
    <ClCompile Include="ParticleEmitter.cpp">
      <Filter>Sources\GameObjects\Particles</Filter>
    </ClCompile>
    <ClCompile Include="Component_Billboard.cpp">
      <Filter>Sources\GameObjects\Components</Filter>
    </ClCompile>
  </ItemGroup>
  <ItemGroup>
    <None Include="Libraries\MathGeoLib\Geometry\TriangleMesh_IntersectRay_AVX.inl">
      <Filter>Libraries\MathGeoLib\Geometry</Filter>
    </None>
    <None Include="Libraries\MathGeoLib\Geometry\TriangleMesh_IntersectRay_CPP.inl">
      <Filter>Libraries\MathGeoLib\Geometry</Filter>
    </None>
    <None Include="Libraries\MathGeoLib\Geometry\TriangleMesh_IntersectRay_SSE.inl">
      <Filter>Libraries\MathGeoLib\Geometry</Filter>
    </None>
    <None Include="Libraries\MathGeoLib\Geometry\KDTree.inl">
      <Filter>Libraries\MathGeoLib\Geometry</Filter>
    </None>
    <None Include="Libraries\MathGeoLib\Geometry\QuadTree.inl">
      <Filter>Libraries\MathGeoLib\Geometry</Filter>
    </None>
    <None Include="Libraries\MathGeoLib\Math\Matrix.inl">
      <Filter>Libraries\MathGeoLib\Math</Filter>
    </None>
  </ItemGroup>
</Project>